
Microsoft Visual Studio Solution File, Format Version 12.00
# Visual Studio Version 17
VisualStudioVersion = 17.7.34009.444
MinimumVisualStudioVersion = 10.0.40219.1
Project("{9A19103F-16F7-4668-BE54-9A1E7A4F7556}") = "trilha-net-azure-desafio", "trilha-net-azure-desafio.csproj", "{BAFDE4F6-1B58-4F3B-AEC9-3DE081E2462E}"
EndProject
Global
	GlobalSection(SolutionConfigurationPlatforms) = preSolution
		Debug|Any CPU = Debug|Any CPU
		Release|Any CPU = Release|Any CPU
	EndGlobalSection
	GlobalSection(ProjectConfigurationPlatforms) = postSolution
		{BAFDE4F6-1B58-4F3B-AEC9-3DE081E2462E}.Debug|Any CPU.ActiveCfg = Debug|Any CPU
		{BAFDE4F6-1B58-4F3B-AEC9-3DE081E2462E}.Debug|Any CPU.Build.0 = Debug|Any CPU
		{BAFDE4F6-1B58-4F3B-AEC9-3DE081E2462E}.Release|Any CPU.ActiveCfg = Release|Any CPU
		{BAFDE4F6-1B58-4F3B-AEC9-3DE081E2462E}.Release|Any CPU.Build.0 = Release|Any CPU
	EndGlobalSection
	GlobalSection(SolutionProperties) = preSolution
		HideSolutionNode = FALSE
	EndGlobalSection
	GlobalSection(ExtensibilityGlobals) = postSolution
		SolutionGuid = {8DA29F8A-E578-45A1-BE7E-D94D77E92563}
	EndGlobalSection
EndGlobal
